
Microsoft Visual Studio Solution File, Format Version 12.00
# Visual Studio 2012
Project("{FAE04EC0-301F-11D3-BF4B-00C04F79EFBC}") = "BankAccount", "BankAccount\BankAccount.csproj", "{CFAF29A6-BF06-407D-A911-8ED9250AC78C}"
EndProject
Project("{FAE04EC0-301F-11D3-BF4B-00C04F79EFBC}") = "BankAccount.iOS", "iOS\BankAccount.iOS.csproj", "{38EB6A77-CD16-4025-9FB1-78EE3A5A94D2}"
EndProject
Project("{FAE04EC0-301F-11D3-BF4B-00C04F79EFBC}") = "BankAccount.Droid", "Droid\BankAccount.Droid.csproj", "{06E9E1F5-18B8-4C77-894D-7A372FB351CD}"
EndProject
Global
	GlobalSection(SolutionConfigurationPlatforms) = preSolution
		Debug|Any CPU = Debug|Any CPU
		Release|Any CPU = Release|Any CPU
		Debug|iPhoneSimulator = Debug|iPhoneSimulator
		Release|iPhone = Release|iPhone
		Release|iPhoneSimulator = Release|iPhoneSimulator
		Debug|iPhone = Debug|iPhone
	EndGlobalSection
	GlobalSection(ProjectConfigurationPlatforms) = postSolution
		{CFAF29A6-BF06-407D-A911-8ED9250AC78C}.Debug|Any CPU.ActiveCfg = Debug|Any CPU
		{CFAF29A6-BF06-407D-A911-8ED9250AC78C}.Debug|Any CPU.Build.0 = Debug|Any CPU
		{CFAF29A6-BF06-407D-A911-8ED9250AC78C}.Release|Any CPU.ActiveCfg = Release|Any CPU
		{CFAF29A6-BF06-407D-A911-8ED9250AC78C}.Release|Any CPU.Build.0 = Release|Any CPU
		{CFAF29A6-BF06-407D-A911-8ED9250AC78C}.Debug|iPhoneSimulator.ActiveCfg = Debug|Any CPU
		{CFAF29A6-BF06-407D-A911-8ED9250AC78C}.Debug|iPhoneSimulator.Build.0 = Debug|Any CPU
		{CFAF29A6-BF06-407D-A911-8ED9250AC78C}.Release|iPhone.ActiveCfg = Release|Any CPU
		{CFAF29A6-BF06-407D-A911-8ED9250AC78C}.Release|iPhone.Build.0 = Release|Any CPU
		{CFAF29A6-BF06-407D-A911-8ED9250AC78C}.Release|iPhoneSimulator.ActiveCfg = Release|Any CPU
		{CFAF29A6-BF06-407D-A911-8ED9250AC78C}.Release|iPhoneSimulator.Build.0 = Release|Any CPU
		{CFAF29A6-BF06-407D-A911-8ED9250AC78C}.Debug|iPhone.ActiveCfg = Debug|Any CPU
		{CFAF29A6-BF06-407D-A911-8ED9250AC78C}.Debug|iPhone.Build.0 = Debug|Any CPU
		{38EB6A77-CD16-4025-9FB1-78EE3A5A94D2}.Debug|Any CPU.ActiveCfg = Debug|iPhoneSimulator
		{38EB6A77-CD16-4025-9FB1-78EE3A5A94D2}.Debug|Any CPU.Build.0 = Debug|iPhoneSimulator
		{38EB6A77-CD16-4025-9FB1-78EE3A5A94D2}.Release|Any CPU.ActiveCfg = Release|iPhone
		{38EB6A77-CD16-4025-9FB1-78EE3A5A94D2}.Release|Any CPU.Build.0 = Release|iPhone
		{38EB6A77-CD16-4025-9FB1-78EE3A5A94D2}.Debug|iPhoneSimulator.ActiveCfg = Debug|iPhoneSimulator
		{38EB6A77-CD16-4025-9FB1-78EE3A5A94D2}.Debug|iPhoneSimulator.Build.0 = Debug|iPhoneSimulator
		{38EB6A77-CD16-4025-9FB1-78EE3A5A94D2}.Release|iPhone.ActiveCfg = Release|iPhone
		{38EB6A77-CD16-4025-9FB1-78EE3A5A94D2}.Release|iPhone.Build.0 = Release|iPhone
		{38EB6A77-CD16-4025-9FB1-78EE3A5A94D2}.Release|iPhoneSimulator.ActiveCfg = Release|iPhoneSimulator
		{38EB6A77-CD16-4025-9FB1-78EE3A5A94D2}.Release|iPhoneSimulator.Build.0 = Release|iPhoneSimulator
		{38EB6A77-CD16-4025-9FB1-78EE3A5A94D2}.Debug|iPhone.ActiveCfg = Debug|iPhone
		{38EB6A77-CD16-4025-9FB1-78EE3A5A94D2}.Debug|iPhone.Build.0 = Debug|iPhone
		{06E9E1F5-18B8-4C77-894D-7A372FB351CD}.Debug|Any CPU.ActiveCfg = Debug|Any CPU
		{06E9E1F5-18B8-4C77-894D-7A372FB351CD}.Debug|Any CPU.Build.0 = Debug|Any CPU
		{06E9E1F5-18B8-4C77-894D-7A372FB351CD}.Release|Any CPU.ActiveCfg = Release|Any CPU
		{06E9E1F5-18B8-4C77-894D-7A372FB351CD}.Release|Any CPU.Build.0 = Release|Any CPU
		{06E9E1F5-18B8-4C77-894D-7A372FB351CD}.Debug|iPhoneSimulator.ActiveCfg = Debug|Any CPU
		{06E9E1F5-18B8-4C77-894D-7A372FB351CD}.Debug|iPhoneSimulator.Build.0 = Debug|Any CPU
		{06E9E1F5-18B8-4C77-894D-7A372FB351CD}.Release|iPhone.ActiveCfg = Release|Any CPU
		{06E9E1F5-18B8-4C77-894D-7A372FB351CD}.Release|iPhone.Build.0 = Release|Any CPU
		{06E9E1F5-18B8-4C77-894D-7A372FB351CD}.Release|iPhoneSimulator.ActiveCfg = Release|Any CPU
		{06E9E1F5-18B8-4C77-894D-7A372FB351CD}.Release|iPhoneSimulator.Build.0 = Release|Any CPU
		{06E9E1F5-18B8-4C77-894D-7A372FB351CD}.Debug|iPhone.ActiveCfg = Debug|Any CPU
		{06E9E1F5-18B8-4C77-894D-7A372FB351CD}.Debug|iPhone.Build.0 = Debug|Any CPU
	EndGlobalSection
EndGlobal
